// !$*UTF8*$!
{
	archiveVersion = 1;
	classes = {
	};
	objectVersion = 46;
	objects = {

/* Begin PBXBuildFile section */
		26E3665F1BF8E65600AAB27A /* main.cpp in Sources */ = {isa = PBXBuildFile; fileRef = 26E3665E1BF8E65600AAB27A /* main.cpp */; };
		26E366661BF8E66400AAB27A /* GLUT.framework in Frameworks */ = {isa = PBXBuildFile; fileRef = 26E366651BF8E66400AAB27A /* GLUT.framework */; };
		26E366681BF8E66900AAB27A /* OpenGL.framework in Frameworks */ = {isa = PBXBuildFile; fileRef = 26E366671BF8E66900AAB27A /* OpenGL.framework */; };
/* End PBXBuildFile section */

/* Begin PBXCopyFilesBuildPhase section */
		26E366591BF8E65600AAB27A /* CopyFiles */ = {
			isa = PBXCopyFilesBuildPhase;
			buildActionMask = 2147483647;
			dstPath = /usr/share/man/man1/;
			dstSubfolderSpec = 0;
			files = (
			);
			runOnlyForDeploymentPostprocessing = 1;
		};
/* End PBXCopyFilesBuildPhase section */

/* Begin PBXFileReference section */
		26E3665B1BF8E65600AAB27A /* curve */ = {isa = PBXFileReference; explicitFileType = "compiled.mach-o.executable"; includeInIndex = 0; path = curve; sourceTree = BUILT_PRODUCTS_DIR; };
		26E3665E1BF8E65600AAB27A /* main.cpp */ = {isa = PBXFileReference; lastKnownFileType = sourcecode.cpp.cpp; path = main.cpp; sourceTree = "<group>"; };
		26E366651BF8E66400AAB27A /* GLUT.framework */ = {isa = PBXFileReference; lastKnownFileType = wrapper.framework; name = GLUT.framework; path = System/Library/Frameworks/GLUT.framework; sourceTree = SDKROOT; };
		26E366671BF8E66900AAB27A /* OpenGL.framework */ = {isa = PBXFileReference; lastKnownFileType = wrapper.framework; name = OpenGL.framework; path = System/Library/Frameworks/OpenGL.framework; sourceTree = SDKROOT; };
/* End PBXFileReference section */

/* Begin PBXFrameworksBuildPhase section */
		26E366581BF8E65600AAB27A /* Frameworks */ = {
			isa = PBXFrameworksBuildPhase;
			buildActionMask = 2147483647;
			files = (
				26E366681BF8E66900AAB27A /* OpenGL.framework in Frameworks */,
				26E366661BF8E66400AAB27A /* GLUT.framework in Frameworks */,
			);
			runOnlyForDeploymentPostprocessing = 0;
		};
/* End PBXFrameworksBuildPhase section */

/* Begin PBXGroup section */
		26E366521BF8E65600AAB27A = {
			isa = PBXGroup;
			children = (
				26E366671BF8E66900AAB27A /* OpenGL.framework */,
				26E366651BF8E66400AAB27A /* GLUT.framework */,
				26E3665D1BF8E65600AAB27A /* curve */,
				26E3665C1BF8E65600AAB27A /* Products */,
			);
			sourceTree = "<group>";
		};
		26E3665C1BF8E65600AAB27A /* Products */ = {
			isa = PBXGroup;
			children = (
				26E3665B1BF8E65600AAB27A /* curve */,
			);
			name = Products;
			sourceTree = "<group>";
		};
		26E3665D1BF8E65600AAB27A /* curve */ = {
			isa = PBXGroup;
			children = (
				26E3665E1BF8E65600AAB27A /* main.cpp */,
			);
			path = curve;
			sourceTree = "<group>";
		};
/* End PBXGroup section */

/* Begin PBXNativeTarget section */
		26E3665A1BF8E65600AAB27A /* curve */ = {
			isa = PBXNativeTarget;
			buildConfigurationList = 26E366621BF8E65600AAB27A /* Build configuration list for PBXNativeTarget "curve" */;
			buildPhases = (
				26E366571BF8E65600AAB27A /* Sources */,
				26E366581BF8E65600AAB27A /* Frameworks */,
				26E366591BF8E65600AAB27A /* CopyFiles */,
			);
			buildRules = (
			);
			dependencies = (
			);
			name = curve;
			productName = curve;
			productReference = 26E3665B1BF8E65600AAB27A /* curve */;
			productType = "com.apple.product-type.tool";
		};
/* End PBXNativeTarget section */

/* Begin PBXProject section */
		26E366531BF8E65600AAB27A /* Project object */ = {
			isa = PBXProject;
			attributes = {
				LastUpgradeCheck = 0710;
				ORGANIZATIONNAME = huahuahu;
				TargetAttributes = {
					26E3665A1BF8E65600AAB27A = {
						CreatedOnToolsVersion = 7.1;
					};
				};
			};
			buildConfigurationList = 26E366561BF8E65600AAB27A /* Build configuration list for PBXProject "curve" */;
			compatibilityVersion = "Xcode 3.2";
			developmentRegion = English;
			hasScannedForEncodings = 0;
			knownRegions = (
				en,
			);
			mainGroup = 26E366521BF8E65600AAB27A;
			productRefGroup = 26E3665C1BF8E65600AAB27A /* Products */;
			projectDirPath = "";
			projectRoot = "";
			targets = (
				26E3665A1BF8E65600AAB27A /* curve */,
			);
		};
/* End PBXProject section */

/* Begin PBXSourcesBuildPhase section */
		26E366571BF8E65600AAB27A /* Sources */ = {
			isa = PBXSourcesBuildPhase;
			buildActionMask = 2147483647;
			files = (
				26E3665F1BF8E65600AAB27A /* main.cpp in Sources */,
			);
			runOnlyForDeploymentPostprocessing = 0;
		};
/* End PBXSourcesBuildPhase section */

/* Begin XCBuildConfiguration section */
		26E366601BF8E65600AAB27A /* Debug */ = {
			isa = XCBuildConfiguration;
			buildSettings = {
				ALWAYS_SEARCH_USER_PATHS = NO;
				CLANG_CXX_LANGUAGE_STANDARD = "gnu++0x";
				CLANG_CXX_LIBRARY = "libc++";
				CLANG_ENABLE_MODULES = YES;
				CLANG_ENABLE_OBJC_ARC = YES;
				CLANG_WARN_BOOL_CONVERSION = YES;
				CLANG_WARN_CONSTANT_CONVERSION = YES;
				CLANG_WARN_DIRECT_OBJC_ISA_USAGE = YES_ERROR;
				CLANG_WARN_EMPTY_BODY = YES;
				CLANG_WARN_ENUM_CONVERSION = YES;
				CLANG_WARN_INT_CONVERSION = YES;
				CLANG_WARN_OBJC_ROOT_CLASS = YES_ERROR;
				CLANG_WARN_UNREACHABLE_CODE = YES;
				CLANG_WARN__DUPLICATE_METHOD_MATCH = YES;
				CODE_SIGN_IDENTITY = "-";
				COPY_PHASE_STRIP = NO;
				DEBUG_INFORMATION_FORMAT = dwarf;
				ENABLE_STRICT_OBJC_MSGSEND = YES;
				ENABLE_TESTABILITY = YES;
				GCC_C_LANGUAGE_STANDARD = gnu99;
				GCC_DYNAMIC_NO_PIC = NO;
				GCC_NO_COMMON_BLOCKS = YES;
				GCC_OPTIMIZATION_LEVEL = 0;
				GCC_PREPROCESSOR_DEFINITIONS = (
					"DEBUG=1",
					"$(inherited)",
				);
				GCC_WARN_64_TO_32_BIT_CONVERSION = YES;
				GCC_WARN_ABOUT_RETURN_TYPE = YES_ERROR;
				GCC_WARN_UNDECLARED_SELECTOR = YES;
				GCC_WARN_UNINITIALIZED_AUTOS = YES_AGGRESSIVE;
				GCC_WARN_UNUSED_FUNCTION = YES;
				GCC_WARN_UNUSED_VARIABLE = YES;
				MACOSX_DEPLOYMENT_TARGET = 10.11;
				MTL_ENABLE_DEBUG_INFO = YES;
				ONLY_ACTIVE_ARCH = YES;
				SDKROOT = macosx;
			};
			name = Debug;
		};
		26E366611BF8E65600AAB27A /* Release */ = {
			isa = XCBuildConfiguration;
			buildSettings = {
				ALWAYS_SEARCH_USER_PATHS = NO;
				CLANG_CXX_LANGUAGE_STANDARD = "gnu++0x";
				CLANG_CXX_LIBRARY = "libc++";
				CLANG_ENABLE_MODULES = YES;
				CLANG_ENABLE_OBJC_ARC = YES;
				CLANG_WARN_BOOL_CONVERSION = YES;
				CLANG_WARN_CONSTANT_CONVERSION = YES;
				CLANG_WARN_DIRECT_OBJC_ISA_USAGE = YES_ERROR;
				CLANG_WARN_EMPTY_BODY = YES;
				CLANG_WARN_ENUM_CONVERSION = YES;
				CLANG_WARN_INT_CONVERSION = YES;
				CLANG_WARN_OBJC_ROOT_CLASS = YES_ERROR;
				CLANG_WARN_UNREACHABLE_CODE = YES;
				CLANG_WARN__DUPLICATE_METHOD_MATCH = YES;
				CODE_SIGN_IDENTITY = "-";
				COPY_PHASE_STRIP = NO;
				DEBUG_INFORMATION_FORMAT = "dwarf-with-dsym";
				ENABLE_NS_ASSERTIONS = NO;
				ENABLE_STRICT_OBJC_MSGSEND = YES;
				GCC_C_LANGUAGE_STANDARD = gnu99;
				GCC_NO_COMMON_BLOCKS = YES;
				GCC_WARN_64_TO_32_BIT_CONVERSION = YES;
				GCC_WARN_ABOUT_RETURN_TYPE = YES_ERROR;
				GCC_WARN_UNDECLARED_SELECTOR = YES;
				GCC_WARN_UNINITIALIZED_AUTOS = YES_AGGRESSIVE;
				GCC_WARN_UNUSED_FUNCTION = YES;
				GCC_WARN_UNUSED_VARIABLE = YES;
				MACOSX_DEPLOYMENT_TARGET = 10.11;
				MTL_ENABLE_DEBUG_INFO = NO;
				SDKROOT = macosx;
			};
			name = Release;
		};
		26E366631BF8E65600AAB27A /* Debug */ = {
			isa = XCBuildConfiguration;
			buildSettings = {
				PRODUCT_NAME = "$(TARGET_NAME)";
			};
			name = Debug;
		};
		26E366641BF8E65600AAB27A /* Release */ = {
			isa = XCBuildConfiguration;
			buildSettings = {
				PRODUCT_NAME = "$(TARGET_NAME)";
			};
			name = Release;
		};
/* End XCBuildConfiguration section */

/* Begin XCConfigurationList section */
		26E366561BF8E65600AAB27A /* Build configuration list for PBXProject "curve" */ = {
			isa = XCConfigurationList;
			buildConfigurations = (
				26E366601BF8E65600AAB27A /* Debug */,
				26E366611BF8E65600AAB27A /* Release */,
			);
			defaultConfigurationIsVisible = 0;
			defaultConfigurationName = Release;
		};
		26E366621BF8E65600AAB27A /* Build configuration list for PBXNativeTarget "curve" */ = {
			isa = XCConfigurationList;
			buildConfigurations = (
				26E366631BF8E65600AAB27A /* Debug */,
				26E366641BF8E65600AAB27A /* Release */,
			);
			defaultConfigurationIsVisible = 0;
		};
/* End XCConfigurationList section */
	};
	rootObject = 26E366531BF8E65600AAB27A /* Project object */;
}
