// !$*UTF8*$!
{
	archiveVersion = 1;
	classes = {
	};
	objectVersion = 46;
	objects = {

/* Begin PBXBuildFile section */
		26F94AFA1BF8E526007A3F8F /* main.cpp in Sources */ = {isa = PBXBuildFile; fileRef = 26F94AF91BF8E526007A3F8F /* main.cpp */; };
		26F94B011BF8E531007A3F8F /* GLUT.framework in Frameworks */ = {isa = PBXBuildFile; fileRef = 26F94B001BF8E531007A3F8F /* GLUT.framework */; };
		26F94B031BF8E537007A3F8F /* OpenGL.framework in Frameworks */ = {isa = PBXBuildFile; fileRef = 26F94B021BF8E537007A3F8F /* OpenGL.framework */; };
/* End PBXBuildFile section */

/* Begin PBXCopyFilesBuildPhase section */
		26F94AF41BF8E526007A3F8F /* CopyFiles */ = {
			isa = PBXCopyFilesBuildPhase;
			buildActionMask = 2147483647;
			dstPath = /usr/share/man/man1/;
			dstSubfolderSpec = 0;
			files = (
			);
			runOnlyForDeploymentPostprocessing = 1;
		};
/* End PBXCopyFilesBuildPhase section */

/* Begin PBXFileReference section */
		26F94AF61BF8E526007A3F8F /* barchart */ = {isa = PBXFileReference; explicitFileType = "compiled.mach-o.executable"; includeInIndex = 0; path = barchart; sourceTree = BUILT_PRODUCTS_DIR; };
		26F94AF91BF8E526007A3F8F /* main.cpp */ = {isa = PBXFileReference; lastKnownFileType = sourcecode.cpp.cpp; path = main.cpp; sourceTree = "<group>"; };
		26F94B001BF8E531007A3F8F /* GLUT.framework */ = {isa = PBXFileReference; lastKnownFileType = wrapper.framework; name = GLUT.framework; path = System/Library/Frameworks/GLUT.framework; sourceTree = SDKROOT; };
		26F94B021BF8E537007A3F8F /* OpenGL.framework */ = {isa = PBXFileReference; lastKnownFileType = wrapper.framework; name = OpenGL.framework; path = System/Library/Frameworks/OpenGL.framework; sourceTree = SDKROOT; };
/* End PBXFileReference section */

/* Begin PBXFrameworksBuildPhase section */
		26F94AF31BF8E526007A3F8F /* Frameworks */ = {
			isa = PBXFrameworksBuildPhase;
			buildActionMask = 2147483647;
			files = (
				26F94B031BF8E537007A3F8F /* OpenGL.framework in Frameworks */,
				26F94B011BF8E531007A3F8F /* GLUT.framework in Frameworks */,
			);
			runOnlyForDeploymentPostprocessing = 0;
		};
/* End PBXFrameworksBuildPhase section */

/* Begin PBXGroup section */
		26F94AED1BF8E526007A3F8F = {
			isa = PBXGroup;
			children = (
				26F94B021BF8E537007A3F8F /* OpenGL.framework */,
				26F94B001BF8E531007A3F8F /* GLUT.framework */,
				26F94AF81BF8E526007A3F8F /* barchart */,
				26F94AF71BF8E526007A3F8F /* Products */,
			);
			sourceTree = "<group>";
		};
		26F94AF71BF8E526007A3F8F /* Products */ = {
			isa = PBXGroup;
			children = (
				26F94AF61BF8E526007A3F8F /* barchart */,
			);
			name = Products;
			sourceTree = "<group>";
		};
		26F94AF81BF8E526007A3F8F /* barchart */ = {
			isa = PBXGroup;
			children = (
				26F94AF91BF8E526007A3F8F /* main.cpp */,
			);
			path = barchart;
			sourceTree = "<group>";
		};
/* End PBXGroup section */

/* Begin PBXNativeTarget section */
		26F94AF51BF8E526007A3F8F /* barchart */ = {
			isa = PBXNativeTarget;
			buildConfigurationList = 26F94AFD1BF8E526007A3F8F /* Build configuration list for PBXNativeTarget "barchart" */;
			buildPhases = (
				26F94AF21BF8E526007A3F8F /* Sources */,
				26F94AF31BF8E526007A3F8F /* Frameworks */,
				26F94AF41BF8E526007A3F8F /* CopyFiles */,
			);
			buildRules = (
			);
			dependencies = (
			);
			name = barchart;
			productName = barchart;
			productReference = 26F94AF61BF8E526007A3F8F /* barchart */;
			productType = "com.apple.product-type.tool";
		};
/* End PBXNativeTarget section */

/* Begin PBXProject section */
		26F94AEE1BF8E526007A3F8F /* Project object */ = {
			isa = PBXProject;
			attributes = {
				LastUpgradeCheck = 0710;
				ORGANIZATIONNAME = huahuahu;
				TargetAttributes = {
					26F94AF51BF8E526007A3F8F = {
						CreatedOnToolsVersion = 7.1;
					};
				};
			};
			buildConfigurationList = 26F94AF11BF8E526007A3F8F /* Build configuration list for PBXProject "barchart" */;
			compatibilityVersion = "Xcode 3.2";
			developmentRegion = English;
			hasScannedForEncodings = 0;
			knownRegions = (
				en,
			);
			mainGroup = 26F94AED1BF8E526007A3F8F;
			productRefGroup = 26F94AF71BF8E526007A3F8F /* Products */;
			projectDirPath = "";
			projectRoot = "";
			targets = (
				26F94AF51BF8E526007A3F8F /* barchart */,
			);
		};
/* End PBXProject section */

/* Begin PBXSourcesBuildPhase section */
		26F94AF21BF8E526007A3F8F /* Sources */ = {
			isa = PBXSourcesBuildPhase;
			buildActionMask = 2147483647;
			files = (
				26F94AFA1BF8E526007A3F8F /* main.cpp in Sources */,
			);
			runOnlyForDeploymentPostprocessing = 0;
		};
/* End PBXSourcesBuildPhase section */

/* Begin XCBuildConfiguration section */
		26F94AFB1BF8E526007A3F8F /* Debug */ = {
			isa = XCBuildConfiguration;
			buildSettings = {
				ALWAYS_SEARCH_USER_PATHS = NO;
				CLANG_CXX_LANGUAGE_STANDARD = "gnu++0x";
				CLANG_CXX_LIBRARY = "libc++";
				CLANG_ENABLE_MODULES = YES;
				CLANG_ENABLE_OBJC_ARC = YES;
				CLANG_WARN_BOOL_CONVERSION = YES;
				CLANG_WARN_CONSTANT_CONVERSION = YES;
				CLANG_WARN_DIRECT_OBJC_ISA_USAGE = YES_ERROR;
				CLANG_WARN_EMPTY_BODY = YES;
				CLANG_WARN_ENUM_CONVERSION = YES;
				CLANG_WARN_INT_CONVERSION = YES;
				CLANG_WARN_OBJC_ROOT_CLASS = YES_ERROR;
				CLANG_WARN_UNREACHABLE_CODE = YES;
				CLANG_WARN__DUPLICATE_METHOD_MATCH = YES;
				CODE_SIGN_IDENTITY = "-";
				COPY_PHASE_STRIP = NO;
				DEBUG_INFORMATION_FORMAT = dwarf;
				ENABLE_STRICT_OBJC_MSGSEND = YES;
				ENABLE_TESTABILITY = YES;
				GCC_C_LANGUAGE_STANDARD = gnu99;
				GCC_DYNAMIC_NO_PIC = NO;
				GCC_NO_COMMON_BLOCKS = YES;
				GCC_OPTIMIZATION_LEVEL = 0;
				GCC_PREPROCESSOR_DEFINITIONS = (
					"DEBUG=1",
					"$(inherited)",
				);
				GCC_WARN_64_TO_32_BIT_CONVERSION = YES;
				GCC_WARN_ABOUT_RETURN_TYPE = YES_ERROR;
				GCC_WARN_UNDECLARED_SELECTOR = YES;
				GCC_WARN_UNINITIALIZED_AUTOS = YES_AGGRESSIVE;
				GCC_WARN_UNUSED_FUNCTION = YES;
				GCC_WARN_UNUSED_VARIABLE = YES;
				MACOSX_DEPLOYMENT_TARGET = 10.11;
				MTL_ENABLE_DEBUG_INFO = YES;
				ONLY_ACTIVE_ARCH = YES;
				SDKROOT = macosx;
			};
			name = Debug;
		};
		26F94AFC1BF8E526007A3F8F /* Release */ = {
			isa = XCBuildConfiguration;
			buildSettings = {
				ALWAYS_SEARCH_USER_PATHS = NO;
				CLANG_CXX_LANGUAGE_STANDARD = "gnu++0x";
				CLANG_CXX_LIBRARY = "libc++";
				CLANG_ENABLE_MODULES = YES;
				CLANG_ENABLE_OBJC_ARC = YES;
				CLANG_WARN_BOOL_CONVERSION = YES;
				CLANG_WARN_CONSTANT_CONVERSION = YES;
				CLANG_WARN_DIRECT_OBJC_ISA_USAGE = YES_ERROR;
				CLANG_WARN_EMPTY_BODY = YES;
				CLANG_WARN_ENUM_CONVERSION = YES;
				CLANG_WARN_INT_CONVERSION = YES;
				CLANG_WARN_OBJC_ROOT_CLASS = YES_ERROR;
				CLANG_WARN_UNREACHABLE_CODE = YES;
				CLANG_WARN__DUPLICATE_METHOD_MATCH = YES;
				CODE_SIGN_IDENTITY = "-";
				COPY_PHASE_STRIP = NO;
				DEBUG_INFORMATION_FORMAT = "dwarf-with-dsym";
				ENABLE_NS_ASSERTIONS = NO;
				ENABLE_STRICT_OBJC_MSGSEND = YES;
				GCC_C_LANGUAGE_STANDARD = gnu99;
				GCC_NO_COMMON_BLOCKS = YES;
				GCC_WARN_64_TO_32_BIT_CONVERSION = YES;
				GCC_WARN_ABOUT_RETURN_TYPE = YES_ERROR;
				GCC_WARN_UNDECLARED_SELECTOR = YES;
				GCC_WARN_UNINITIALIZED_AUTOS = YES_AGGRESSIVE;
				GCC_WARN_UNUSED_FUNCTION = YES;
				GCC_WARN_UNUSED_VARIABLE = YES;
				MACOSX_DEPLOYMENT_TARGET = 10.11;
				MTL_ENABLE_DEBUG_INFO = NO;
				SDKROOT = macosx;
			};
			name = Release;
		};
		26F94AFE1BF8E526007A3F8F /* Debug */ = {
			isa = XCBuildConfiguration;
			buildSettings = {
				PRODUCT_NAME = "$(TARGET_NAME)";
			};
			name = Debug;
		};
		26F94AFF1BF8E526007A3F8F /* Release */ = {
			isa = XCBuildConfiguration;
			buildSettings = {
				PRODUCT_NAME = "$(TARGET_NAME)";
			};
			name = Release;
		};
/* End XCBuildConfiguration section */

/* Begin XCConfigurationList section */
		26F94AF11BF8E526007A3F8F /* Build configuration list for PBXProject "barchart" */ = {
			isa = XCConfigurationList;
			buildConfigurations = (
				26F94AFB1BF8E526007A3F8F /* Debug */,
				26F94AFC1BF8E526007A3F8F /* Release */,
			);
			defaultConfigurationIsVisible = 0;
			defaultConfigurationName = Release;
		};
		26F94AFD1BF8E526007A3F8F /* Build configuration list for PBXNativeTarget "barchart" */ = {
			isa = XCConfigurationList;
			buildConfigurations = (
				26F94AFE1BF8E526007A3F8F /* Debug */,
				26F94AFF1BF8E526007A3F8F /* Release */,
			);
			defaultConfigurationIsVisible = 0;
		};
/* End XCConfigurationList section */
	};
	rootObject = 26F94AEE1BF8E526007A3F8F /* Project object */;
}
